
Microsoft Visual Studio Solution File, Format Version 12.00
# Visual Studio 15
VisualStudioVersion = 15.0.28307.329
MinimumVisualStudioVersion = 10.0.40219.1
Project("{9A19103F-16F7-4668-BE54-9A1E7A4F7556}") = "APIClientLibrary", "APIClientLibrary\APIClientLibrary.csproj", "{20E15227-A890-482F-9F67-5A1E3B1CF968}"
EndProject
Project("{FAE04EC0-301F-11D3-BF4B-00C04F79EFBC}") = "AndroidAuthentication", "AndroidAuthentication\AndroidAuthentication.csproj", "{5B0B160A-48A7-481A-8037-B342D125FC00}"
EndProject
Global
	GlobalSection(SolutionConfigurationPlatforms) = preSolution
		Debug|Any CPU = Debug|Any CPU
		Release|Any CPU = Release|Any CPU
	EndGlobalSection
	GlobalSection(ProjectConfigurationPlatforms) = postSolution
		{20E15227-A890-482F-9F67-5A1E3B1CF968}.Debug|Any CPU.ActiveCfg = Debug|Any CPU
		{20E15227-A890-482F-9F67-5A1E3B1CF968}.Debug|Any CPU.Build.0 = Debug|Any CPU
		{20E15227-A890-482F-9F67-5A1E3B1CF968}.Release|Any CPU.ActiveCfg = Release|Any CPU
		{20E15227-A890-482F-9F67-5A1E3B1CF968}.Release|Any CPU.Build.0 = Release|Any CPU
		{5B0B160A-48A7-481A-8037-B342D125FC00}.Debug|Any CPU.ActiveCfg = Debug|Any CPU
		{5B0B160A-48A7-481A-8037-B342D125FC00}.Debug|Any CPU.Build.0 = Debug|Any CPU
		{5B0B160A-48A7-481A-8037-B342D125FC00}.Debug|Any CPU.Deploy.0 = Debug|Any CPU
		{5B0B160A-48A7-481A-8037-B342D125FC00}.Release|Any CPU.ActiveCfg = Release|Any CPU
		{5B0B160A-48A7-481A-8037-B342D125FC00}.Release|Any CPU.Build.0 = Release|Any CPU
		{5B0B160A-48A7-481A-8037-B342D125FC00}.Release|Any CPU.Deploy.0 = Release|Any CPU
	EndGlobalSection
	GlobalSection(SolutionProperties) = preSolution
		HideSolutionNode = FALSE
	EndGlobalSection
	GlobalSection(ExtensibilityGlobals) = postSolution
		SolutionGuid = {E8191E3F-CF08-484A-BDF3-ADF44ED89C13}
	EndGlobalSection
EndGlobal
