
Microsoft Visual Studio Solution File, Format Version 12.00
# Visual Studio 15
VisualStudioVersion = 15.0.28307.329
MinimumVisualStudioVersion = 10.0.40219.1
Project("{FAE04EC0-301F-11D3-BF4B-00C04F79EFBC}") = "WPF", "WPF\WPF.csproj", "{1702E9C0-AB02-4989-A2D4-62390E4EB79A}"
EndProject
Project("{9A19103F-16F7-4668-BE54-9A1E7A4F7556}") = "WebAPI", "WebAPI\WebAPI.csproj", "{1FDE776C-9A08-4F4D-A8CA-673824ADE09C}"
EndProject
Global
	GlobalSection(SolutionConfigurationPlatforms) = preSolution
		Debug|Any CPU = Debug|Any CPU
		Release|Any CPU = Release|Any CPU
	EndGlobalSection
	GlobalSection(ProjectConfigurationPlatforms) = postSolution
		{1702E9C0-AB02-4989-A2D4-62390E4EB79A}.Debug|Any CPU.ActiveCfg = Debug|Any CPU
		{1702E9C0-AB02-4989-A2D4-62390E4EB79A}.Debug|Any CPU.Build.0 = Debug|Any CPU
		{1702E9C0-AB02-4989-A2D4-62390E4EB79A}.Release|Any CPU.ActiveCfg = Release|Any CPU
		{1702E9C0-AB02-4989-A2D4-62390E4EB79A}.Release|Any CPU.Build.0 = Release|Any CPU
		{1FDE776C-9A08-4F4D-A8CA-673824ADE09C}.Debug|Any CPU.ActiveCfg = Debug|Any CPU
		{1FDE776C-9A08-4F4D-A8CA-673824ADE09C}.Debug|Any CPU.Build.0 = Debug|Any CPU
		{1FDE776C-9A08-4F4D-A8CA-673824ADE09C}.Release|Any CPU.ActiveCfg = Release|Any CPU
		{1FDE776C-9A08-4F4D-A8CA-673824ADE09C}.Release|Any CPU.Build.0 = Release|Any CPU
	EndGlobalSection
	GlobalSection(SolutionProperties) = preSolution
		HideSolutionNode = FALSE
	EndGlobalSection
	GlobalSection(ExtensibilityGlobals) = postSolution
		SolutionGuid = {B4557926-0121-4E05-AF51-E6DB94E3CB2A}
	EndGlobalSection
EndGlobal
